
Microsoft Visual Studio Solution File, Format Version 12.00
# Visual Studio 15
VisualStudioVersion = 15.0.28307.136
MinimumVisualStudioVersion = 10.0.40219.1
Project("{FAE04EC0-301F-11D3-BF4B-00C04F79EFBC}") = "PersonalTools", "PersonalTools\PersonalTools.csproj", "{DB786FAC-48E0-4F82-AEF2-E988BD1B9B12}"
EndProject
Global
	GlobalSection(SolutionConfigurationPlatforms) = preSolution
		Debug|Any CPU = Debug|Any CPU
		Release|Any CPU = Release|Any CPU
	EndGlobalSection
	GlobalSection(ProjectConfigurationPlatforms) = postSolution
		{DB786FAC-48E0-4F82-AEF2-E988BD1B9B12}.Debug|Any CPU.ActiveCfg = Debug|Any CPU
		{DB786FAC-48E0-4F82-AEF2-E988BD1B9B12}.Debug|Any CPU.Build.0 = Debug|Any CPU
		{DB786FAC-48E0-4F82-AEF2-E988BD1B9B12}.Release|Any CPU.ActiveCfg = Release|Any CPU
		{DB786FAC-48E0-4F82-AEF2-E988BD1B9B12}.Release|Any CPU.Build.0 = Release|Any CPU
	EndGlobalSection
	GlobalSection(SolutionProperties) = preSolution
		HideSolutionNode = FALSE
	EndGlobalSection
	GlobalSection(ExtensibilityGlobals) = postSolution
		SolutionGuid = {54672C80-A226-42F4-8AB7-AE4B0FA828C8}
	EndGlobalSection
EndGlobal
